// !$*UTF8*$!
{
	archiveVersion = 1;
	classes = {
	};
	objectVersion = 56;
	objects = {

/* Begin PBXBuildFile section */
		CC1D2E2D2C1B614900304CCB /* DVTWeatherAppApp.swift in Sources */ = {isa = PBXBuildFile; fileRef = CC1D2E2C2C1B614900304CCB /* DVTWeatherAppApp.swift */; };
		CC1D2E2F2C1B614900304CCB /* ContentView.swift in Sources */ = {isa = PBXBuildFile; fileRef = CC1D2E2E2C1B614900304CCB /* ContentView.swift */; };
		CC1D2E312C1B614A00304CCB /* Assets.xcassets in Resources */ = {isa = PBXBuildFile; fileRef = CC1D2E302C1B614A00304CCB /* Assets.xcassets */; };
		CC1D2E352C1B614A00304CCB /* Preview Assets.xcassets in Resources */ = {isa = PBXBuildFile; fileRef = CC1D2E342C1B614A00304CCB /* Preview Assets.xcassets */; };
		CC1D2E432C1B627700304CCB /* Color+Extension.swift in Sources */ = {isa = PBXBuildFile; fileRef = CC1D2E422C1B627700304CCB /* Color+Extension.swift */; };
		CC1D2E4C2C1B62BB00304CCB /* MapView.swift in Sources */ = {isa = PBXBuildFile; fileRef = CC1D2E4B2C1B62BB00304CCB /* MapView.swift */; };
		CC1D2E4E2C1B62C300304CCB /* MapViewModel.swift in Sources */ = {isa = PBXBuildFile; fileRef = CC1D2E4D2C1B62C300304CCB /* MapViewModel.swift */; };
		CC1D2E502C1B62CB00304CCB /* HomeView.swift in Sources */ = {isa = PBXBuildFile; fileRef = CC1D2E4F2C1B62CB00304CCB /* HomeView.swift */; };
		CC1D2E522C1B62D200304CCB /* HomeViewModel.swift in Sources */ = {isa = PBXBuildFile; fileRef = CC1D2E512C1B62D200304CCB /* HomeViewModel.swift */; };
		CC1D2E552C1B62EF00304CCB /* Coordinator.swift in Sources */ = {isa = PBXBuildFile; fileRef = CC1D2E542C1B62EF00304CCB /* Coordinator.swift */; };
		CC1D2E572C1B62F800304CCB /* HomeCoordinator.swift in Sources */ = {isa = PBXBuildFile; fileRef = CC1D2E562C1B62F800304CCB /* HomeCoordinator.swift */; };
		CC1D2E592C1B62FF00304CCB /* MapCoordinator.swift in Sources */ = {isa = PBXBuildFile; fileRef = CC1D2E582C1B62FF00304CCB /* MapCoordinator.swift */; };
		CC1D2E5D2C1B637A00304CCB /* Services.swift in Sources */ = {isa = PBXBuildFile; fileRef = CC1D2E5C2C1B637A00304CCB /* Services.swift */; };
		CC1D2E5F2C1B638200304CCB /* Weather.swift in Sources */ = {isa = PBXBuildFile; fileRef = CC1D2E5E2C1B638200304CCB /* Weather.swift */; };
		CC1D2E612C1B638A00304CCB /* WeatherService.swift in Sources */ = {isa = PBXBuildFile; fileRef = CC1D2E602C1B638A00304CCB /* WeatherService.swift */; };
		CC1D2E642C1B63B700304CCB /* ApiErrors.swift in Sources */ = {isa = PBXBuildFile; fileRef = CC1D2E632C1B63B700304CCB /* ApiErrors.swift */; };
		CC1D2E672C1B643700304CCB /* AppTabController.swift in Sources */ = {isa = PBXBuildFile; fileRef = CC1D2E662C1B643700304CCB /* AppTabController.swift */; };
		CC1D2E692C1B65EF00304CCB /* Color.swift in Sources */ = {isa = PBXBuildFile; fileRef = CC1D2E682C1B65EF00304CCB /* Color.swift */; };
		CC1D2E752C1E0D1600304CCB /* Typography.swift in Sources */ = {isa = PBXBuildFile; fileRef = CC1D2E742C1E0D1600304CCB /* Typography.swift */; };
		CC1D2E772C1E101D00304CCB /* Forecast.swift in Sources */ = {isa = PBXBuildFile; fileRef = CC1D2E762C1E101D00304CCB /* Forecast.swift */; };
		CC612E3E2C24AC58005BF64A /* FirebaseAnalytics in Frameworks */ = {isa = PBXBuildFile; productRef = CC612E3D2C24AC58005BF64A /* FirebaseAnalytics */; };
		CC612E402C24AC58005BF64A /* FirebaseAnalyticsOnDeviceConversion in Frameworks */ = {isa = PBXBuildFile; productRef = CC612E3F2C24AC58005BF64A /* FirebaseAnalyticsOnDeviceConversion */; };
		CC612E422C24AC58005BF64A /* FirebaseAnalyticsSwift in Frameworks */ = {isa = PBXBuildFile; productRef = CC612E412C24AC58005BF64A /* FirebaseAnalyticsSwift */; };
		CC612E442C24AC58005BF64A /* FirebaseAnalyticsWithoutAdIdSupport in Frameworks */ = {isa = PBXBuildFile; productRef = CC612E432C24AC58005BF64A /* FirebaseAnalyticsWithoutAdIdSupport */; };
		CC612E462C24AC58005BF64A /* FirebaseAppCheck in Frameworks */ = {isa = PBXBuildFile; productRef = CC612E452C24AC58005BF64A /* FirebaseAppCheck */; };
		CC612E492C25586F005BF64A /* FirebaseManager.swift in Sources */ = {isa = PBXBuildFile; fileRef = CC612E482C25586F005BF64A /* FirebaseManager.swift */; };
		CC612E4B2C25591F005BF64A /* Location.swift in Sources */ = {isa = PBXBuildFile; fileRef = CC612E4A2C25591F005BF64A /* Location.swift */; };
		CC822F0B2C25621000CCEA9C /* FirebaseDatabase in Frameworks */ = {isa = PBXBuildFile; productRef = CC822F0A2C25621000CCEA9C /* FirebaseDatabase */; };
		CC93D67F2C1F76CE0068F0D3 /* ErrorDialogView.swift in Sources */ = {isa = PBXBuildFile; fileRef = CC93D67E2C1F76CE0068F0D3 /* ErrorDialogView.swift */; };
		CC93D6812C1F76D70068F0D3 /* ButtonStyles.swift in Sources */ = {isa = PBXBuildFile; fileRef = CC93D6802C1F76D70068F0D3 /* ButtonStyles.swift */; };
		CC93D6832C1F77320068F0D3 /* ErrorDialogContainer.swift in Sources */ = {isa = PBXBuildFile; fileRef = CC93D6822C1F77320068F0D3 /* ErrorDialogContainer.swift */; };
		CC93D6862C1F7A270068F0D3 /* CircleProgressView.swift in Sources */ = {isa = PBXBuildFile; fileRef = CC93D6852C1F7A270068F0D3 /* CircleProgressView.swift */; };
		CC93D6892C201D2F0068F0D3 /* LocationManager.swift in Sources */ = {isa = PBXBuildFile; fileRef = CC93D6882C201D2F0068F0D3 /* LocationManager.swift */; };
		CC93D68C2C2187080068F0D3 /* LocationPermissionView.swift in Sources */ = {isa = PBXBuildFile; fileRef = CC93D68B2C2187080068F0D3 /* LocationPermissionView.swift */; };
		CCD27F132C24A8EF00247D33 /* GoogleService-Info.plist in Resources */ = {isa = PBXBuildFile; fileRef = CCD27F122C24A8EF00247D33 /* GoogleService-Info.plist */; };
/* End PBXBuildFile section */

/* Begin PBXFileReference section */
		CC1D2E292C1B614900304CCB /* Weather.app */ = {isa = PBXFileReference; explicitFileType = wrapper.application; includeInIndex = 0; path = Weather.app; sourceTree = BUILT_PRODUCTS_DIR; };
		CC1D2E2C2C1B614900304CCB /* DVTWeatherAppApp.swift */ = {isa = PBXFileReference; lastKnownFileType = sourcecode.swift; path = DVTWeatherAppApp.swift; sourceTree = "<group>"; };
		CC1D2E2E2C1B614900304CCB /* ContentView.swift */ = {isa = PBXFileReference; lastKnownFileType = sourcecode.swift; path = ContentView.swift; sourceTree = "<group>"; };
		CC1D2E302C1B614A00304CCB /* Assets.xcassets */ = {isa = PBXFileReference; lastKnownFileType = folder.assetcatalog; path = Assets.xcassets; sourceTree = "<group>"; };
		CC1D2E322C1B614A00304CCB /* DVTWeatherApp.entitlements */ = {isa = PBXFileReference; lastKnownFileType = text.plist.entitlements; path = DVTWeatherApp.entitlements; sourceTree = "<group>"; };
		CC1D2E342C1B614A00304CCB /* Preview Assets.xcassets */ = {isa = PBXFileReference; lastKnownFileType = folder.assetcatalog; path = "Preview Assets.xcassets"; sourceTree = "<group>"; };
		CC1D2E422C1B627700304CCB /* Color+Extension.swift */ = {isa = PBXFileReference; lastKnownFileType = sourcecode.swift; path = "Color+Extension.swift"; sourceTree = "<group>"; };
		CC1D2E4B2C1B62BB00304CCB /* MapView.swift */ = {isa = PBXFileReference; lastKnownFileType = sourcecode.swift; path = MapView.swift; sourceTree = "<group>"; };
		CC1D2E4D2C1B62C300304CCB /* MapViewModel.swift */ = {isa = PBXFileReference; lastKnownFileType = sourcecode.swift; path = MapViewModel.swift; sourceTree = "<group>"; };
		CC1D2E4F2C1B62CB00304CCB /* HomeView.swift */ = {isa = PBXFileReference; lastKnownFileType = sourcecode.swift; path = HomeView.swift; sourceTree = "<group>"; };
		CC1D2E512C1B62D200304CCB /* HomeViewModel.swift */ = {isa = PBXFileReference; lastKnownFileType = sourcecode.swift; path = HomeViewModel.swift; sourceTree = "<group>"; };
		CC1D2E542C1B62EF00304CCB /* Coordinator.swift */ = {isa = PBXFileReference; lastKnownFileType = sourcecode.swift; path = Coordinator.swift; sourceTree = "<group>"; };
		CC1D2E562C1B62F800304CCB /* HomeCoordinator.swift */ = {isa = PBXFileReference; lastKnownFileType = sourcecode.swift; path = HomeCoordinator.swift; sourceTree = "<group>"; };
		CC1D2E582C1B62FF00304CCB /* MapCoordinator.swift */ = {isa = PBXFileReference; lastKnownFileType = sourcecode.swift; path = MapCoordinator.swift; sourceTree = "<group>"; };
		CC1D2E5C2C1B637A00304CCB /* Services.swift */ = {isa = PBXFileReference; lastKnownFileType = sourcecode.swift; path = Services.swift; sourceTree = "<group>"; };
		CC1D2E5E2C1B638200304CCB /* Weather.swift */ = {isa = PBXFileReference; lastKnownFileType = sourcecode.swift; path = Weather.swift; sourceTree = "<group>"; };
		CC1D2E602C1B638A00304CCB /* WeatherService.swift */ = {isa = PBXFileReference; lastKnownFileType = sourcecode.swift; path = WeatherService.swift; sourceTree = "<group>"; };
		CC1D2E632C1B63B700304CCB /* ApiErrors.swift */ = {isa = PBXFileReference; lastKnownFileType = sourcecode.swift; path = ApiErrors.swift; sourceTree = "<group>"; };
		CC1D2E662C1B643700304CCB /* AppTabController.swift */ = {isa = PBXFileReference; lastKnownFileType = sourcecode.swift; path = AppTabController.swift; sourceTree = "<group>"; };
		CC1D2E682C1B65EF00304CCB /* Color.swift */ = {isa = PBXFileReference; lastKnownFileType = sourcecode.swift; path = Color.swift; sourceTree = "<group>"; };
		CC1D2E732C1E0CAA00304CCB /* Info.plist */ = {isa = PBXFileReference; lastKnownFileType = text.plist; path = Info.plist; sourceTree = "<group>"; };
		CC1D2E742C1E0D1600304CCB /* Typography.swift */ = {isa = PBXFileReference; lastKnownFileType = sourcecode.swift; path = Typography.swift; sourceTree = "<group>"; };
		CC1D2E762C1E101D00304CCB /* Forecast.swift */ = {isa = PBXFileReference; lastKnownFileType = sourcecode.swift; path = Forecast.swift; sourceTree = "<group>"; };
		CC1D2E782C1F685F00304CCB /* RobotoMono-Bold.ttf */ = {isa = PBXFileReference; lastKnownFileType = file; path = "RobotoMono-Bold.ttf"; sourceTree = "<group>"; };
		CC1D2E792C1F685F00304CCB /* RobotoMono-Regular.ttf */ = {isa = PBXFileReference; lastKnownFileType = file; path = "RobotoMono-Regular.ttf"; sourceTree = "<group>"; };
		CC1D2E7A2C1F686000304CCB /* RobotoMono-SemiBold.ttf */ = {isa = PBXFileReference; lastKnownFileType = file; path = "RobotoMono-SemiBold.ttf"; sourceTree = "<group>"; };
		CC612E482C25586F005BF64A /* FirebaseManager.swift */ = {isa = PBXFileReference; lastKnownFileType = sourcecode.swift; path = FirebaseManager.swift; sourceTree = "<group>"; };
		CC612E4A2C25591F005BF64A /* Location.swift */ = {isa = PBXFileReference; lastKnownFileType = sourcecode.swift; path = Location.swift; sourceTree = "<group>"; };
		CC93D67E2C1F76CE0068F0D3 /* ErrorDialogView.swift */ = {isa = PBXFileReference; lastKnownFileType = sourcecode.swift; path = ErrorDialogView.swift; sourceTree = "<group>"; };
		CC93D6802C1F76D70068F0D3 /* ButtonStyles.swift */ = {isa = PBXFileReference; lastKnownFileType = sourcecode.swift; path = ButtonStyles.swift; sourceTree = "<group>"; };
		CC93D6822C1F77320068F0D3 /* ErrorDialogContainer.swift */ = {isa = PBXFileReference; lastKnownFileType = sourcecode.swift; path = ErrorDialogContainer.swift; sourceTree = "<group>"; };
		CC93D6852C1F7A270068F0D3 /* CircleProgressView.swift */ = {isa = PBXFileReference; lastKnownFileType = sourcecode.swift; path = CircleProgressView.swift; sourceTree = "<group>"; };
		CC93D6882C201D2F0068F0D3 /* LocationManager.swift */ = {isa = PBXFileReference; lastKnownFileType = sourcecode.swift; path = LocationManager.swift; sourceTree = "<group>"; };
		CC93D68B2C2187080068F0D3 /* LocationPermissionView.swift */ = {isa = PBXFileReference; lastKnownFileType = sourcecode.swift; path = LocationPermissionView.swift; sourceTree = "<group>"; };
		CCD27F122C24A8EF00247D33 /* GoogleService-Info.plist */ = {isa = PBXFileReference; fileEncoding = 4; lastKnownFileType = text.plist.xml; path = "GoogleService-Info.plist"; sourceTree = "<group>"; };
/* End PBXFileReference section */

/* Begin PBXFrameworksBuildPhase section */
		CC1D2E262C1B614900304CCB /* Frameworks */ = {
			isa = PBXFrameworksBuildPhase;
			buildActionMask = 2147483647;
			files = (
				CC822F0B2C25621000CCEA9C /* FirebaseDatabase in Frameworks */,
				CC612E422C24AC58005BF64A /* FirebaseAnalyticsSwift in Frameworks */,
				CC612E3E2C24AC58005BF64A /* FirebaseAnalytics in Frameworks */,
				CC612E402C24AC58005BF64A /* FirebaseAnalyticsOnDeviceConversion in Frameworks */,
				CC612E462C24AC58005BF64A /* FirebaseAppCheck in Frameworks */,
				CC612E442C24AC58005BF64A /* FirebaseAnalyticsWithoutAdIdSupport in Frameworks */,
			);
			runOnlyForDeploymentPostprocessing = 0;
		};
/* End PBXFrameworksBuildPhase section */

/* Begin PBXGroup section */
		CC1D2E202C1B614900304CCB = {
			isa = PBXGroup;
			children = (
				CC1D2E2B2C1B614900304CCB /* DVTWeatherApp */,
				CC1D2E2A2C1B614900304CCB /* Products */,
				CC822F092C25621000CCEA9C /* Frameworks */,
			);
			sourceTree = "<group>";
		};
		CC1D2E2A2C1B614900304CCB /* Products */ = {
			isa = PBXGroup;
			children = (
				CC1D2E292C1B614900304CCB /* Weather.app */,
			);
			name = Products;
			sourceTree = "<group>";
		};
		CC1D2E2B2C1B614900304CCB /* DVTWeatherApp */ = {
			isa = PBXGroup;
			children = (
				CC612E472C25584C005BF64A /* Firebase */,
				CC1D2E3E2C1B624800304CCB /* API */,
				CC1D2E3D2C1B623200304CCB /* App */,
				CC1D2E412C1B625700304CCB /* Component */,
				CC1D2E3B2C1B622300304CCB /* Coordinator */,
				CC1D2E3F2C1B624D00304CCB /* Extensions */,
				CC93D6872C201D1E0068F0D3 /* LocationManager */,
				CC1D2E332C1B614A00304CCB /* Preview Content */,
				CC1D2E402C1B625300304CCB /* Style */,
				CC1D2E3C2C1B622D00304CCB /* Views */,
				CC1D2E322C1B614A00304CCB /* DVTWeatherApp.entitlements */,
				CC1D2E732C1E0CAA00304CCB /* Info.plist */,
				CCD27F122C24A8EF00247D33 /* GoogleService-Info.plist */,
				CC1D2E302C1B614A00304CCB /* Assets.xcassets */,
			);
			path = DVTWeatherApp;
			sourceTree = "<group>";
		};
		CC1D2E332C1B614A00304CCB /* Preview Content */ = {
			isa = PBXGroup;
			children = (
				CC1D2E342C1B614A00304CCB /* Preview Assets.xcassets */,
			);
			path = "Preview Content";
			sourceTree = "<group>";
		};
		CC1D2E3B2C1B622300304CCB /* Coordinator */ = {
			isa = PBXGroup;
			children = (
				CC1D2E542C1B62EF00304CCB /* Coordinator.swift */,
				CC1D2E562C1B62F800304CCB /* HomeCoordinator.swift */,
				CC1D2E582C1B62FF00304CCB /* MapCoordinator.swift */,
			);
			path = Coordinator;
			sourceTree = "<group>";
		};
		CC1D2E3C2C1B622D00304CCB /* Views */ = {
			isa = PBXGroup;
			children = (
				CC93D68A2C2186F50068F0D3 /* Location */,
				CC1D2E452C1B629B00304CCB /* Map */,
				CC1D2E442C1B629600304CCB /* Home */,
			);
			path = Views;
			sourceTree = "<group>";
		};
		CC1D2E3D2C1B623200304CCB /* App */ = {
			isa = PBXGroup;
			children = (
				CC1D2E652C1B641E00304CCB /* TabController */,
				CC1D2E2E2C1B614900304CCB /* ContentView.swift */,
				CC1D2E2C2C1B614900304CCB /* DVTWeatherAppApp.swift */,
			);
			path = App;
			sourceTree = "<group>";
		};
		CC1D2E3E2C1B624800304CCB /* API */ = {
			isa = PBXGroup;
			children = (
				CC1D2E622C1B63AD00304CCB /* APIError */,
				CC1D2E5C2C1B637A00304CCB /* Services.swift */,
				CC1D2E602C1B638A00304CCB /* WeatherService.swift */,
			);
			path = API;
			sourceTree = "<group>";
		};
		CC1D2E3F2C1B624D00304CCB /* Extensions */ = {
			isa = PBXGroup;
			children = (
				CC1D2E422C1B627700304CCB /* Color+Extension.swift */,
			);
			path = Extensions;
			sourceTree = "<group>";
		};
		CC1D2E402C1B625300304CCB /* Style */ = {
			isa = PBXGroup;
			children = (
				CC1D2E782C1F685F00304CCB /* RobotoMono-Bold.ttf */,
				CC1D2E792C1F685F00304CCB /* RobotoMono-Regular.ttf */,
				CC1D2E7A2C1F686000304CCB /* RobotoMono-SemiBold.ttf */,
				CC1D2E682C1B65EF00304CCB /* Color.swift */,
				CC1D2E742C1E0D1600304CCB /* Typography.swift */,
			);
			path = Style;
			sourceTree = "<group>";
		};
		CC1D2E412C1B625700304CCB /* Component */ = {
			isa = PBXGroup;
			children = (
				CC93D6842C1F7A150068F0D3 /* Progress */,
				CC93D67D2C1F76C20068F0D3 /* ErrorDialog */,
				CC93D67C2C1F76BB0068F0D3 /* ButtonStyles */,
			);
			path = Component;
			sourceTree = "<group>";
		};
		CC1D2E442C1B629600304CCB /* Home */ = {
			isa = PBXGroup;
			children = (
				CC1D2E4F2C1B62CB00304CCB /* HomeView.swift */,
				CC1D2E512C1B62D200304CCB /* HomeViewModel.swift */,
			);
			path = Home;
			sourceTree = "<group>";
		};
		CC1D2E452C1B629B00304CCB /* Map */ = {
			isa = PBXGroup;
			children = (
				CC1D2E4B2C1B62BB00304CCB /* MapView.swift */,
				CC1D2E4D2C1B62C300304CCB /* MapViewModel.swift */,
			);
			path = Map;
			sourceTree = "<group>";
		};
		CC1D2E622C1B63AD00304CCB /* APIError */ = {
			isa = PBXGroup;
			children = (
				CC1D2E6A2C1CB90D00304CCB /* Model */,
				CC1D2E632C1B63B700304CCB /* ApiErrors.swift */,
			);
			path = APIError;
			sourceTree = "<group>";
		};
		CC1D2E652C1B641E00304CCB /* TabController */ = {
			isa = PBXGroup;
			children = (
				CC1D2E662C1B643700304CCB /* AppTabController.swift */,
			);
			path = TabController;
			sourceTree = "<group>";
		};
		CC1D2E6A2C1CB90D00304CCB /* Model */ = {
			isa = PBXGroup;
			children = (
				CC1D2E5E2C1B638200304CCB /* Weather.swift */,
				CC1D2E762C1E101D00304CCB /* Forecast.swift */,
			);
			path = Model;
			sourceTree = "<group>";
		};
		CC612E472C25584C005BF64A /* Firebase */ = {
			isa = PBXGroup;
			children = (
				CC612E482C25586F005BF64A /* FirebaseManager.swift */,
				CC612E4A2C25591F005BF64A /* Location.swift */,
			);
			path = Firebase;
			sourceTree = "<group>";
		};
		CC822F092C25621000CCEA9C /* Frameworks */ = {
			isa = PBXGroup;
			children = (
			);
			name = Frameworks;
			sourceTree = "<group>";
		};
		CC93D67C2C1F76BB0068F0D3 /* ButtonStyles */ = {
			isa = PBXGroup;
			children = (
				CC93D6802C1F76D70068F0D3 /* ButtonStyles.swift */,
			);
			path = ButtonStyles;
			sourceTree = "<group>";
		};
		CC93D67D2C1F76C20068F0D3 /* ErrorDialog */ = {
			isa = PBXGroup;
			children = (
				CC93D67E2C1F76CE0068F0D3 /* ErrorDialogView.swift */,
				CC93D6822C1F77320068F0D3 /* ErrorDialogContainer.swift */,
			);
			path = ErrorDialog;
			sourceTree = "<group>";
		};
		CC93D6842C1F7A150068F0D3 /* Progress */ = {
			isa = PBXGroup;
			children = (
				CC93D6852C1F7A270068F0D3 /* CircleProgressView.swift */,
			);
			path = Progress;
			sourceTree = "<group>";
		};
		CC93D6872C201D1E0068F0D3 /* LocationManager */ = {
			isa = PBXGroup;
			children = (
				CC93D6882C201D2F0068F0D3 /* LocationManager.swift */,
			);
			path = LocationManager;
			sourceTree = "<group>";
		};
		CC93D68A2C2186F50068F0D3 /* Location */ = {
			isa = PBXGroup;
			children = (
				CC93D68B2C2187080068F0D3 /* LocationPermissionView.swift */,
			);
			path = Location;
			sourceTree = "<group>";
		};
/* End PBXGroup section */

/* Begin PBXNativeTarget section */
		CC1D2E282C1B614900304CCB /* DVTWeatherApp */ = {
			isa = PBXNativeTarget;
			buildConfigurationList = CC1D2E382C1B614A00304CCB /* Build configuration list for PBXNativeTarget "DVTWeatherApp" */;
			buildPhases = (
				CC1D2E252C1B614900304CCB /* Sources */,
				CC1D2E262C1B614900304CCB /* Frameworks */,
				CC1D2E272C1B614900304CCB /* Resources */,
			);
			buildRules = (
			);
			dependencies = (
			);
			name = DVTWeatherApp;
			packageProductDependencies = (
				CC612E3D2C24AC58005BF64A /* FirebaseAnalytics */,
				CC612E3F2C24AC58005BF64A /* FirebaseAnalyticsOnDeviceConversion */,
				CC612E412C24AC58005BF64A /* FirebaseAnalyticsSwift */,
				CC612E432C24AC58005BF64A /* FirebaseAnalyticsWithoutAdIdSupport */,
				CC612E452C24AC58005BF64A /* FirebaseAppCheck */,
				CC822F0A2C25621000CCEA9C /* FirebaseDatabase */,
			);
			productName = DVTWeatherApp;
			productReference = CC1D2E292C1B614900304CCB /* Weather.app */;
			productType = "com.apple.product-type.application";
		};
/* End PBXNativeTarget section */

/* Begin PBXProject section */
		CC1D2E212C1B614900304CCB /* Project object */ = {
			isa = PBXProject;
			attributes = {
				BuildIndependentTargetsInParallel = 1;
				LastSwiftUpdateCheck = 1500;
				LastUpgradeCheck = 1500;
				TargetAttributes = {
					CC1D2E282C1B614900304CCB = {
						CreatedOnToolsVersion = 15.0;
					};
				};
			};
			buildConfigurationList = CC1D2E242C1B614900304CCB /* Build configuration list for PBXProject "DVTWeatherApp" */;
			compatibilityVersion = "Xcode 14.0";
			developmentRegion = en;
			hasScannedForEncodings = 0;
			knownRegions = (
				en,
				Base,
			);
			mainGroup = CC1D2E202C1B614900304CCB;
			packageReferences = (
				CC612E3C2C24AC58005BF64A /* XCRemoteSwiftPackageReference "firebase-ios-sdk" */,
			);
			productRefGroup = CC1D2E2A2C1B614900304CCB /* Products */;
			projectDirPath = "";
			projectRoot = "";
			targets = (
				CC1D2E282C1B614900304CCB /* DVTWeatherApp */,
			);
		};
/* End PBXProject section */

/* Begin PBXResourcesBuildPhase section */
		CC1D2E272C1B614900304CCB /* Resources */ = {
			isa = PBXResourcesBuildPhase;
			buildActionMask = 2147483647;
			files = (
				CC1D2E352C1B614A00304CCB /* Preview Assets.xcassets in Resources */,
				CC1D2E312C1B614A00304CCB /* Assets.xcassets in Resources */,
				CCD27F132C24A8EF00247D33 /* GoogleService-Info.plist in Resources */,
			);
			runOnlyForDeploymentPostprocessing = 0;
		};
/* End PBXResourcesBuildPhase section */

/* Begin PBXSourcesBuildPhase section */
		CC1D2E252C1B614900304CCB /* Sources */ = {
			isa = PBXSourcesBuildPhase;
			buildActionMask = 2147483647;
			files = (
				CC1D2E612C1B638A00304CCB /* WeatherService.swift in Sources */,
				CC1D2E522C1B62D200304CCB /* HomeViewModel.swift in Sources */,
				CC1D2E672C1B643700304CCB /* AppTabController.swift in Sources */,
				CC1D2E552C1B62EF00304CCB /* Coordinator.swift in Sources */,
				CC93D68C2C2187080068F0D3 /* LocationPermissionView.swift in Sources */,
				CC1D2E5D2C1B637A00304CCB /* Services.swift in Sources */,
				CC612E4B2C25591F005BF64A /* Location.swift in Sources */,
				CC1D2E5F2C1B638200304CCB /* Weather.swift in Sources */,
				CC1D2E4C2C1B62BB00304CCB /* MapView.swift in Sources */,
				CC93D6812C1F76D70068F0D3 /* ButtonStyles.swift in Sources */,
				CC1D2E642C1B63B700304CCB /* ApiErrors.swift in Sources */,
				CC93D6832C1F77320068F0D3 /* ErrorDialogContainer.swift in Sources */,
				CC1D2E2F2C1B614900304CCB /* ContentView.swift in Sources */,
				CC93D6892C201D2F0068F0D3 /* LocationManager.swift in Sources */,
				CC1D2E752C1E0D1600304CCB /* Typography.swift in Sources */,
				CC612E492C25586F005BF64A /* FirebaseManager.swift in Sources */,
				CC1D2E432C1B627700304CCB /* Color+Extension.swift in Sources */,
				CC1D2E692C1B65EF00304CCB /* Color.swift in Sources */,
				CC1D2E4E2C1B62C300304CCB /* MapViewModel.swift in Sources */,
				CC1D2E502C1B62CB00304CCB /* HomeView.swift in Sources */,
				CC1D2E772C1E101D00304CCB /* Forecast.swift in Sources */,
				CC1D2E2D2C1B614900304CCB /* DVTWeatherAppApp.swift in Sources */,
				CC1D2E592C1B62FF00304CCB /* MapCoordinator.swift in Sources */,
				CC93D67F2C1F76CE0068F0D3 /* ErrorDialogView.swift in Sources */,
				CC93D6862C1F7A270068F0D3 /* CircleProgressView.swift in Sources */,
				CC1D2E572C1B62F800304CCB /* HomeCoordinator.swift in Sources */,
			);
			runOnlyForDeploymentPostprocessing = 0;
		};
/* End PBXSourcesBuildPhase section */

/* Begin XCBuildConfiguration section */
		CC1D2E362C1B614A00304CCB /* Debug */ = {
			isa = XCBuildConfiguration;
			buildSettings = {
				ALWAYS_SEARCH_USER_PATHS = NO;
				ASSETCATALOG_COMPILER_GENERATE_SWIFT_ASSET_SYMBOL_EXTENSIONS = YES;
				CLANG_ANALYZER_NONNULL = YES;
				CLANG_ANALYZER_NUMBER_OBJECT_CONVERSION = YES_AGGRESSIVE;
				CLANG_CXX_LANGUAGE_STANDARD = "gnu++20";
				CLANG_ENABLE_MODULES = YES;
				CLANG_ENABLE_OBJC_ARC = YES;
				CLANG_ENABLE_OBJC_WEAK = YES;
				CLANG_WARN_BLOCK_CAPTURE_AUTORELEASING = YES;
				CLANG_WARN_BOOL_CONVERSION = YES;
				CLANG_WARN_COMMA = YES;
				CLANG_WARN_CONSTANT_CONVERSION = YES;
				CLANG_WARN_DEPRECATED_OBJC_IMPLEMENTATIONS = YES;
				CLANG_WARN_DIRECT_OBJC_ISA_USAGE = YES_ERROR;
				CLANG_WARN_DOCUMENTATION_COMMENTS = YES;
				CLANG_WARN_EMPTY_BODY = YES;
				CLANG_WARN_ENUM_CONVERSION = YES;
				CLANG_WARN_INFINITE_RECURSION = YES;
				CLANG_WARN_INT_CONVERSION = YES;
				CLANG_WARN_NON_LITERAL_NULL_CONVERSION = YES;
				CLANG_WARN_OBJC_IMPLICIT_RETAIN_SELF = YES;
				CLANG_WARN_OBJC_LITERAL_CONVERSION = YES;
				CLANG_WARN_OBJC_ROOT_CLASS = YES_ERROR;
				CLANG_WARN_QUOTED_INCLUDE_IN_FRAMEWORK_HEADER = YES;
				CLANG_WARN_RANGE_LOOP_ANALYSIS = YES;
				CLANG_WARN_STRICT_PROTOTYPES = YES;
				CLANG_WARN_SUSPICIOUS_MOVE = YES;
				CLANG_WARN_UNGUARDED_AVAILABILITY = YES_AGGRESSIVE;
				CLANG_WARN_UNREACHABLE_CODE = YES;
				CLANG_WARN__DUPLICATE_METHOD_MATCH = YES;
				COPY_PHASE_STRIP = NO;
				DEBUG_INFORMATION_FORMAT = dwarf;
				ENABLE_STRICT_OBJC_MSGSEND = YES;
				ENABLE_TESTABILITY = YES;
				ENABLE_USER_SCRIPT_SANDBOXING = YES;
				GCC_C_LANGUAGE_STANDARD = gnu17;
				GCC_DYNAMIC_NO_PIC = NO;
				GCC_NO_COMMON_BLOCKS = YES;
				GCC_OPTIMIZATION_LEVEL = 0;
				GCC_PREPROCESSOR_DEFINITIONS = (
					"DEBUG=1",
					"$(inherited)",
				);
				GCC_WARN_64_TO_32_BIT_CONVERSION = YES;
				GCC_WARN_ABOUT_RETURN_TYPE = YES_ERROR;
				GCC_WARN_UNDECLARED_SELECTOR = YES;
				GCC_WARN_UNINITIALIZED_AUTOS = YES_AGGRESSIVE;
				GCC_WARN_UNUSED_FUNCTION = YES;
				GCC_WARN_UNUSED_VARIABLE = YES;
				LOCALIZATION_PREFERS_STRING_CATALOGS = YES;
				MTL_ENABLE_DEBUG_INFO = INCLUDE_SOURCE;
				MTL_FAST_MATH = YES;
				ONLY_ACTIVE_ARCH = YES;
				SWIFT_ACTIVE_COMPILATION_CONDITIONS = "DEBUG $(inherited)";
				SWIFT_OPTIMIZATION_LEVEL = "-Onone";
			};
			name = Debug;
		};
		CC1D2E372C1B614A00304CCB /* Release */ = {
			isa = XCBuildConfiguration;
			buildSettings = {
				ALWAYS_SEARCH_USER_PATHS = NO;
				ASSETCATALOG_COMPILER_GENERATE_SWIFT_ASSET_SYMBOL_EXTENSIONS = YES;
				CLANG_ANALYZER_NONNULL = YES;
				CLANG_ANALYZER_NUMBER_OBJECT_CONVERSION = YES_AGGRESSIVE;
				CLANG_CXX_LANGUAGE_STANDARD = "gnu++20";
				CLANG_ENABLE_MODULES = YES;
				CLANG_ENABLE_OBJC_ARC = YES;
				CLANG_ENABLE_OBJC_WEAK = YES;
				CLANG_WARN_BLOCK_CAPTURE_AUTORELEASING = YES;
				CLANG_WARN_BOOL_CONVERSION = YES;
				CLANG_WARN_COMMA = YES;
				CLANG_WARN_CONSTANT_CONVERSION = YES;
				CLANG_WARN_DEPRECATED_OBJC_IMPLEMENTATIONS = YES;
				CLANG_WARN_DIRECT_OBJC_ISA_USAGE = YES_ERROR;
				CLANG_WARN_DOCUMENTATION_COMMENTS = YES;
				CLANG_WARN_EMPTY_BODY = YES;
				CLANG_WARN_ENUM_CONVERSION = YES;
				CLANG_WARN_INFINITE_RECURSION = YES;
				CLANG_WARN_INT_CONVERSION = YES;
				CLANG_WARN_NON_LITERAL_NULL_CONVERSION = YES;
				CLANG_WARN_OBJC_IMPLICIT_RETAIN_SELF = YES;
				CLANG_WARN_OBJC_LITERAL_CONVERSION = YES;
				CLANG_WARN_OBJC_ROOT_CLASS = YES_ERROR;
				CLANG_WARN_QUOTED_INCLUDE_IN_FRAMEWORK_HEADER = YES;
				CLANG_WARN_RANGE_LOOP_ANALYSIS = YES;
				CLANG_WARN_STRICT_PROTOTYPES = YES;
				CLANG_WARN_SUSPICIOUS_MOVE = YES;
				CLANG_WARN_UNGUARDED_AVAILABILITY = YES_AGGRESSIVE;
				CLANG_WARN_UNREACHABLE_CODE = YES;
				CLANG_WARN__DUPLICATE_METHOD_MATCH = YES;
				COPY_PHASE_STRIP = NO;
				DEBUG_INFORMATION_FORMAT = "dwarf-with-dsym";
				ENABLE_NS_ASSERTIONS = NO;
				ENABLE_STRICT_OBJC_MSGSEND = YES;
				ENABLE_USER_SCRIPT_SANDBOXING = YES;
				GCC_C_LANGUAGE_STANDARD = gnu17;
				GCC_NO_COMMON_BLOCKS = YES;
				GCC_WARN_64_TO_32_BIT_CONVERSION = YES;
				GCC_WARN_ABOUT_RETURN_TYPE = YES_ERROR;
				GCC_WARN_UNDECLARED_SELECTOR = YES;
				GCC_WARN_UNINITIALIZED_AUTOS = YES_AGGRESSIVE;
				GCC_WARN_UNUSED_FUNCTION = YES;
				GCC_WARN_UNUSED_VARIABLE = YES;
				LOCALIZATION_PREFERS_STRING_CATALOGS = YES;
				MTL_ENABLE_DEBUG_INFO = NO;
				MTL_FAST_MATH = YES;
				SWIFT_COMPILATION_MODE = wholemodule;
			};
			name = Release;
		};
		CC1D2E392C1B614A00304CCB /* Debug */ = {
			isa = XCBuildConfiguration;
			buildSettings = {
				ASSETCATALOG_COMPILER_APPICON_NAME = AppIcon;
				ASSETCATALOG_COMPILER_GLOBAL_ACCENT_COLOR_NAME = AccentColor;
				CODE_SIGN_ENTITLEMENTS = DVTWeatherApp/DVTWeatherApp.entitlements;
				CODE_SIGN_STYLE = Automatic;
				CURRENT_PROJECT_VERSION = 1;
				DEVELOPMENT_ASSET_PATHS = "\"DVTWeatherApp/Preview Content\"";
				DEVELOPMENT_TEAM = 9CN76SFR9N;
				ENABLE_HARDENED_RUNTIME = YES;
				ENABLE_PREVIEWS = YES;
				GENERATE_INFOPLIST_FILE = YES;
				INFOPLIST_FILE = DVTWeatherApp/Info.plist;
				"INFOPLIST_KEY_UIApplicationSceneManifest_Generation[sdk=iphoneos*]" = YES;
				"INFOPLIST_KEY_UIApplicationSceneManifest_Generation[sdk=iphonesimulator*]" = YES;
				"INFOPLIST_KEY_UIApplicationSupportsIndirectInputEvents[sdk=iphoneos*]" = YES;
				"INFOPLIST_KEY_UIApplicationSupportsIndirectInputEvents[sdk=iphonesimulator*]" = YES;
				"INFOPLIST_KEY_UILaunchScreen_Generation[sdk=iphoneos*]" = YES;
				"INFOPLIST_KEY_UILaunchScreen_Generation[sdk=iphonesimulator*]" = YES;
				"INFOPLIST_KEY_UIStatusBarStyle[sdk=iphoneos*]" = UIStatusBarStyleDefault;
				"INFOPLIST_KEY_UIStatusBarStyle[sdk=iphonesimulator*]" = UIStatusBarStyleDefault;
				INFOPLIST_KEY_UISupportedInterfaceOrientations_iPad = "UIInterfaceOrientationPortrait UIInterfaceOrientationPortraitUpsideDown UIInterfaceOrientationLandscapeLeft UIInterfaceOrientationLandscapeRight";
				INFOPLIST_KEY_UISupportedInterfaceOrientations_iPhone = "UIInterfaceOrientationPortrait UIInterfaceOrientationLandscapeLeft UIInterfaceOrientationLandscapeRight";
				IPHONEOS_DEPLOYMENT_TARGET = 17.0;
				LD_RUNPATH_SEARCH_PATHS = "@executable_path/Frameworks";
				"LD_RUNPATH_SEARCH_PATHS[sdk=macosx*]" = "@executable_path/../Frameworks";
				MACOSX_DEPLOYMENT_TARGET = 13.6;
				MARKETING_VERSION = 1.0;
				PRODUCT_BUNDLE_IDENTIFIER = com.katherinechambers.DVTWeatherApp;
				PRODUCT_NAME = Weather;
				SDKROOT = auto;
				SUPPORTED_PLATFORMS = "iphoneos iphonesimulator macosx";
				SWIFT_EMIT_LOC_STRINGS = YES;
				SWIFT_VERSION = 5.0;
				TARGETED_DEVICE_FAMILY = "1,2";
			};
			name = Debug;
		};
		CC1D2E3A2C1B614A00304CCB /* Release */ = {
			isa = XCBuildConfiguration;
			buildSettings = {
				ASSETCATALOG_COMPILER_APPICON_NAME = AppIcon;
				ASSETCATALOG_COMPILER_GLOBAL_ACCENT_COLOR_NAME = AccentColor;
				CODE_SIGN_ENTITLEMENTS = DVTWeatherApp/DVTWeatherApp.entitlements;
				CODE_SIGN_STYLE = Automatic;
				CURRENT_PROJECT_VERSION = 1;
				DEVELOPMENT_ASSET_PATHS = "\"DVTWeatherApp/Preview Content\"";
				DEVELOPMENT_TEAM = 9CN76SFR9N;
				ENABLE_HARDENED_RUNTIME = YES;
				ENABLE_PREVIEWS = YES;
				GENERATE_INFOPLIST_FILE = YES;
				INFOPLIST_FILE = DVTWeatherApp/Info.plist;
				"INFOPLIST_KEY_UIApplicationSceneManifest_Generation[sdk=iphoneos*]" = YES;
				"INFOPLIST_KEY_UIApplicationSceneManifest_Generation[sdk=iphonesimulator*]" = YES;
				"INFOPLIST_KEY_UIApplicationSupportsIndirectInputEvents[sdk=iphoneos*]" = YES;
				"INFOPLIST_KEY_UIApplicationSupportsIndirectInputEvents[sdk=iphonesimulator*]" = YES;
				"INFOPLIST_KEY_UILaunchScreen_Generation[sdk=iphoneos*]" = YES;
				"INFOPLIST_KEY_UILaunchScreen_Generation[sdk=iphonesimulator*]" = YES;
				"INFOPLIST_KEY_UIStatusBarStyle[sdk=iphoneos*]" = UIStatusBarStyleDefault;
				"INFOPLIST_KEY_UIStatusBarStyle[sdk=iphonesimulator*]" = UIStatusBarStyleDefault;
				INFOPLIST_KEY_UISupportedInterfaceOrientations_iPad = "UIInterfaceOrientationPortrait UIInterfaceOrientationPortraitUpsideDown UIInterfaceOrientationLandscapeLeft UIInterfaceOrientationLandscapeRight";
				INFOPLIST_KEY_UISupportedInterfaceOrientations_iPhone = "UIInterfaceOrientationPortrait UIInterfaceOrientationLandscapeLeft UIInterfaceOrientationLandscapeRight";
				IPHONEOS_DEPLOYMENT_TARGET = 17.0;
				LD_RUNPATH_SEARCH_PATHS = "@executable_path/Frameworks";
				"LD_RUNPATH_SEARCH_PATHS[sdk=macosx*]" = "@executable_path/../Frameworks";
				MACOSX_DEPLOYMENT_TARGET = 13.6;
				MARKETING_VERSION = 1.0;
				PRODUCT_BUNDLE_IDENTIFIER = com.katherinechambers.DVTWeatherApp;
				PRODUCT_NAME = Weather;
				SDKROOT = auto;
				SUPPORTED_PLATFORMS = "iphoneos iphonesimulator macosx";
				SWIFT_EMIT_LOC_STRINGS = YES;
				SWIFT_VERSION = 5.0;
				TARGETED_DEVICE_FAMILY = "1,2";
			};
			name = Release;
		};
/* End XCBuildConfiguration section */

/* Begin XCConfigurationList section */
		CC1D2E242C1B614900304CCB /* Build configuration list for PBXProject "DVTWeatherApp" */ = {
			isa = XCConfigurationList;
			buildConfigurations = (
				CC1D2E362C1B614A00304CCB /* Debug */,
				CC1D2E372C1B614A00304CCB /* Release */,
			);
			defaultConfigurationIsVisible = 0;
			defaultConfigurationName = Release;
		};
		CC1D2E382C1B614A00304CCB /* Build configuration list for PBXNativeTarget "DVTWeatherApp" */ = {
			isa = XCConfigurationList;
			buildConfigurations = (
				CC1D2E392C1B614A00304CCB /* Debug */,
				CC1D2E3A2C1B614A00304CCB /* Release */,
			);
			defaultConfigurationIsVisible = 0;
			defaultConfigurationName = Release;
		};
/* End XCConfigurationList section */

/* Begin XCRemoteSwiftPackageReference section */
		CC612E3C2C24AC58005BF64A /* XCRemoteSwiftPackageReference "firebase-ios-sdk" */ = {
			isa = XCRemoteSwiftPackageReference;
			repositoryURL = "https://github.com/firebase/firebase-ios-sdk.git";
			requirement = {
				kind = upToNextMajorVersion;
				minimumVersion = 10.28.0;
			};
		};
/* End XCRemoteSwiftPackageReference section */

/* Begin XCSwiftPackageProductDependency section */
		CC612E3D2C24AC58005BF64A /* FirebaseAnalytics */ = {
			isa = XCSwiftPackageProductDependency;
			package = CC612E3C2C24AC58005BF64A /* XCRemoteSwiftPackageReference "firebase-ios-sdk" */;
			productName = FirebaseAnalytics;
		};
		CC612E3F2C24AC58005BF64A /* FirebaseAnalyticsOnDeviceConversion */ = {
			isa = XCSwiftPackageProductDependency;
			package = CC612E3C2C24AC58005BF64A /* XCRemoteSwiftPackageReference "firebase-ios-sdk" */;
			productName = FirebaseAnalyticsOnDeviceConversion;
		};
		CC612E412C24AC58005BF64A /* FirebaseAnalyticsSwift */ = {
			isa = XCSwiftPackageProductDependency;
			package = CC612E3C2C24AC58005BF64A /* XCRemoteSwiftPackageReference "firebase-ios-sdk" */;
			productName = FirebaseAnalyticsSwift;
		};
		CC612E432C24AC58005BF64A /* FirebaseAnalyticsWithoutAdIdSupport */ = {
			isa = XCSwiftPackageProductDependency;
			package = CC612E3C2C24AC58005BF64A /* XCRemoteSwiftPackageReference "firebase-ios-sdk" */;
			productName = FirebaseAnalyticsWithoutAdIdSupport;
		};
		CC612E452C24AC58005BF64A /* FirebaseAppCheck */ = {
			isa = XCSwiftPackageProductDependency;
			package = CC612E3C2C24AC58005BF64A /* XCRemoteSwiftPackageReference "firebase-ios-sdk" */;
			productName = FirebaseAppCheck;
		};
		CC822F0A2C25621000CCEA9C /* FirebaseDatabase */ = {
			isa = XCSwiftPackageProductDependency;
			package = CC612E3C2C24AC58005BF64A /* XCRemoteSwiftPackageReference "firebase-ios-sdk" */;
			productName = FirebaseDatabase;
		};
/* End XCSwiftPackageProductDependency section */
	};
	rootObject = CC1D2E212C1B614900304CCB /* Project object */;
}
